# This file is autogenerated, do not edit; changes may be undone by the next 'dep ensure'.


[[projects]]
  branch = "master"
  name = "github.com/bborbe/assert"
  packages = ["."]
  revision = "765570a0aaf5913880d33fee2dd7e4c52b294021"

[[projects]]
  branch = "master"
  name = "github.com/bborbe/io"
  packages = ["util"]
  revision = "8c22cf733cf166b247318b0786eec0c7cad9208a"

[[projects]]
  branch = "master"
  name = "github.com/golang/glog"
  packages = ["."]
  revision = "23def4e6c14b4da8ac2ed8007337bc5eb5007998"

[[projects]]
  name = "gopkg.in/yaml.v2"
  packages = ["."]
  revision = "5420a8b6744d3b0345ab293f6fcba19c978f1183"
  version = "v2.2.1"

[solve-meta]
  analyzer-name = "dep"
  analyzer-version = 1
  inputs-digest = "ab35f04a9ef7b544c7a499402f4967c2f2d50e4440bf9c98aa057e7dfdc93ce9"
  solver-name = "gps-cdcl"
  solver-version = 1
